
Microsoft Visual Studio Solution File, Format Version 12.00
# Visual Studio 15
VisualStudioVersion = 15.0.27130.2010
MinimumVisualStudioVersion = 10.0.40219.1
Project("{FAE04EC0-301F-11D3-BF4B-00C04F79EFBC}") = "WdjNote", "WdjNote\WdjNote.csproj", "{4442A4BD-680E-48D9-A241-9C1204DF87A8}"
EndProject
Project("{FAE04EC0-301F-11D3-BF4B-00C04F79EFBC}") = "Model", "Model\Model.csproj", "{1E8BE1F7-34BB-4561-A23D-0E510A5F5BAB}"
EndProject
Project("{FAE04EC0-301F-11D3-BF4B-00C04F79EFBC}") = "Interface", "Interface\Interface.csproj", "{398370F1-6CEF-4DBD-A1F3-D33151F0B4EB}"
EndProject
Project("{FAE04EC0-301F-11D3-BF4B-00C04F79EFBC}") = "Control", "Control\Control.csproj", "{04DE4E86-794B-4A09-A2FA-2F491AC38704}"
EndProject
Project("{FAE04EC0-301F-11D3-BF4B-00C04F79EFBC}") = "SQLDAL", "SQLDAL\SQLDAL.csproj", "{95EFA180-FC17-4F13-9B24-DB6B6110A1BE}"
EndProject
Global
	GlobalSection(SolutionConfigurationPlatforms) = preSolution
		Debug|Any CPU = Debug|Any CPU
		Release|Any CPU = Release|Any CPU
	EndGlobalSection
	GlobalSection(ProjectConfigurationPlatforms) = postSolution
		{4442A4BD-680E-48D9-A241-9C1204DF87A8}.Debug|Any CPU.ActiveCfg = Debug|Any CPU
		{4442A4BD-680E-48D9-A241-9C1204DF87A8}.Debug|Any CPU.Build.0 = Debug|Any CPU
		{4442A4BD-680E-48D9-A241-9C1204DF87A8}.Release|Any CPU.ActiveCfg = Release|Any CPU
		{4442A4BD-680E-48D9-A241-9C1204DF87A8}.Release|Any CPU.Build.0 = Release|Any CPU
		{1E8BE1F7-34BB-4561-A23D-0E510A5F5BAB}.Debug|Any CPU.ActiveCfg = Debug|Any CPU
		{1E8BE1F7-34BB-4561-A23D-0E510A5F5BAB}.Debug|Any CPU.Build.0 = Debug|Any CPU
		{1E8BE1F7-34BB-4561-A23D-0E510A5F5BAB}.Release|Any CPU.ActiveCfg = Release|Any CPU
		{1E8BE1F7-34BB-4561-A23D-0E510A5F5BAB}.Release|Any CPU.Build.0 = Release|Any CPU
		{398370F1-6CEF-4DBD-A1F3-D33151F0B4EB}.Debug|Any CPU.ActiveCfg = Debug|Any CPU
		{398370F1-6CEF-4DBD-A1F3-D33151F0B4EB}.Debug|Any CPU.Build.0 = Debug|Any CPU
		{398370F1-6CEF-4DBD-A1F3-D33151F0B4EB}.Release|Any CPU.ActiveCfg = Release|Any CPU
		{398370F1-6CEF-4DBD-A1F3-D33151F0B4EB}.Release|Any CPU.Build.0 = Release|Any CPU
		{04DE4E86-794B-4A09-A2FA-2F491AC38704}.Debug|Any CPU.ActiveCfg = Debug|Any CPU
		{04DE4E86-794B-4A09-A2FA-2F491AC38704}.Debug|Any CPU.Build.0 = Debug|Any CPU
		{04DE4E86-794B-4A09-A2FA-2F491AC38704}.Release|Any CPU.ActiveCfg = Release|Any CPU
		{04DE4E86-794B-4A09-A2FA-2F491AC38704}.Release|Any CPU.Build.0 = Release|Any CPU
		{95EFA180-FC17-4F13-9B24-DB6B6110A1BE}.Debug|Any CPU.ActiveCfg = Debug|Any CPU
		{95EFA180-FC17-4F13-9B24-DB6B6110A1BE}.Debug|Any CPU.Build.0 = Debug|Any CPU
		{95EFA180-FC17-4F13-9B24-DB6B6110A1BE}.Release|Any CPU.ActiveCfg = Release|Any CPU
		{95EFA180-FC17-4F13-9B24-DB6B6110A1BE}.Release|Any CPU.Build.0 = Release|Any CPU
	EndGlobalSection
	GlobalSection(SolutionProperties) = preSolution
		HideSolutionNode = FALSE
	EndGlobalSection
	GlobalSection(ExtensibilityGlobals) = postSolution
		SolutionGuid = {600E0F28-AF1D-4B5F-8C26-F98F20BE6AC3}
	EndGlobalSection
EndGlobal
